
Microsoft Visual Studio Solution File, Format Version 12.00
# Visual Studio Version 17
VisualStudioVersion = 17.5.33530.505
MinimumVisualStudioVersion = 10.0.40219.1
Project("{FAE04EC0-301F-11D3-BF4B-00C04F79EFBC}") = "final package", "final package.csproj", "{18EF1A69-C02B-46CB-AFBF-DDEA60FB20A9}"
EndProject
Global
	GlobalSection(SolutionConfigurationPlatforms) = preSolution
		Debug|Any CPU = Debug|Any CPU
		Release|Any CPU = Release|Any CPU
	EndGlobalSection
	GlobalSection(ProjectConfigurationPlatforms) = postSolution
		{18EF1A69-C02B-46CB-AFBF-DDEA60FB20A9}.Debug|Any CPU.ActiveCfg = Debug|Any CPU
		{18EF1A69-C02B-46CB-AFBF-DDEA60FB20A9}.Debug|Any CPU.Build.0 = Debug|Any CPU
		{18EF1A69-C02B-46CB-AFBF-DDEA60FB20A9}.Release|Any CPU.ActiveCfg = Release|Any CPU
		{18EF1A69-C02B-46CB-AFBF-DDEA60FB20A9}.Release|Any CPU.Build.0 = Release|Any CPU
	EndGlobalSection
	GlobalSection(SolutionProperties) = preSolution
		HideSolutionNode = FALSE
	EndGlobalSection
	GlobalSection(ExtensibilityGlobals) = postSolution
		SolutionGuid = {DD79DEE7-88BC-4AB2-8270-403BA65BF4F0}
	EndGlobalSection
EndGlobal
